
Microsoft Visual Studio Solution File, Format Version 12.00
Project("{2150E333-8FDC-42A3-9474-1A3956D46DE8}") = "Solution Items", ".", "{04CE24BD-5FA7-4FA9-9236-766C3BE3C9ED}"
	ProjectSection(SolutionItems) = preProject
		.dockerignore = .dockerignore
		.editorconfig = .editorconfig
		.gitignore = .gitignore
		docker-compose.yml = docker-compose.yml
		README.md = README.md
	EndProjectSection
EndProject
Project("{FAE04EC0-301F-11D3-BF4B-00C04F79EFBC}") = "CustomPresence", "src\CustomPresence\CustomPresence.csproj", "{4CB28EBA-0D5E-4B80-95C3-105A8DE271A2}"
EndProject
Project("{FAE04EC0-301F-11D3-BF4B-00C04F79EFBC}") = "Domain", "src\Domain\Domain.csproj", "{07E9ED7E-2076-4286-9A31-75551123EB7E}"
EndProject
Project("{FAE04EC0-301F-11D3-BF4B-00C04F79EFBC}") = "Extensions", "src\Extensions\Extensions.csproj", "{53C603E7-9AA8-4E1A-9C61-DF8535D995CD}"
EndProject
Global
	GlobalSection(SolutionConfigurationPlatforms) = preSolution
		Debug|Any CPU = Debug|Any CPU
		Release|Any CPU = Release|Any CPU
	EndGlobalSection
	GlobalSection(ProjectConfigurationPlatforms) = postSolution
		{4CB28EBA-0D5E-4B80-95C3-105A8DE271A2}.Debug|Any CPU.ActiveCfg = Debug|Any CPU
		{4CB28EBA-0D5E-4B80-95C3-105A8DE271A2}.Debug|Any CPU.Build.0 = Debug|Any CPU
		{4CB28EBA-0D5E-4B80-95C3-105A8DE271A2}.Release|Any CPU.ActiveCfg = Release|Any CPU
		{4CB28EBA-0D5E-4B80-95C3-105A8DE271A2}.Release|Any CPU.Build.0 = Release|Any CPU
		{07E9ED7E-2076-4286-9A31-75551123EB7E}.Debug|Any CPU.ActiveCfg = Debug|Any CPU
		{07E9ED7E-2076-4286-9A31-75551123EB7E}.Debug|Any CPU.Build.0 = Debug|Any CPU
		{07E9ED7E-2076-4286-9A31-75551123EB7E}.Release|Any CPU.ActiveCfg = Release|Any CPU
		{07E9ED7E-2076-4286-9A31-75551123EB7E}.Release|Any CPU.Build.0 = Release|Any CPU
		{53C603E7-9AA8-4E1A-9C61-DF8535D995CD}.Debug|Any CPU.ActiveCfg = Debug|Any CPU
		{53C603E7-9AA8-4E1A-9C61-DF8535D995CD}.Debug|Any CPU.Build.0 = Debug|Any CPU
		{53C603E7-9AA8-4E1A-9C61-DF8535D995CD}.Release|Any CPU.ActiveCfg = Release|Any CPU
		{53C603E7-9AA8-4E1A-9C61-DF8535D995CD}.Release|Any CPU.Build.0 = Release|Any CPU
	EndGlobalSection
EndGlobal
